
Microsoft Visual Studio Solution File, Format Version 12.00
# Visual Studio Version 16
VisualStudioVersion = 16.0.32228.343
MinimumVisualStudioVersion = 10.0.40219.1
Project("{FAE04EC0-301F-11D3-BF4B-00C04F79EFBC}") = "TSystem_MVC1", "TSystem_MVC1\TSystem_MVC1.csproj", "{65B3E3AB-BA05-41D8-AD41-B118EF6B5421}"
EndProject
Global
	GlobalSection(SolutionConfigurationPlatforms) = preSolution
		Debug|Any CPU = Debug|Any CPU
		Release|Any CPU = Release|Any CPU
	EndGlobalSection
	GlobalSection(ProjectConfigurationPlatforms) = postSolution
		{65B3E3AB-BA05-41D8-AD41-B118EF6B5421}.Debug|Any CPU.ActiveCfg = Debug|Any CPU
		{65B3E3AB-BA05-41D8-AD41-B118EF6B5421}.Debug|Any CPU.Build.0 = Debug|Any CPU
		{65B3E3AB-BA05-41D8-AD41-B118EF6B5421}.Release|Any CPU.ActiveCfg = Release|Any CPU
		{65B3E3AB-BA05-41D8-AD41-B118EF6B5421}.Release|Any CPU.Build.0 = Release|Any CPU
	EndGlobalSection
	GlobalSection(SolutionProperties) = preSolution
		HideSolutionNode = FALSE
	EndGlobalSection
	GlobalSection(ExtensibilityGlobals) = postSolution
		SolutionGuid = {A95456E2-4CA6-454F-9C1A-80E51304FEDC}
	EndGlobalSection
EndGlobal
